
Microsoft Visual Studio Solution File, Format Version 12.00
# Visual Studio Version 16
VisualStudioVersion = 16.0.30413.136
MinimumVisualStudioVersion = 10.0.40219.1
Project("{FAE04EC0-301F-11D3-BF4B-00C04F79EFBC}") = "EFTest", "EFTest\EFTest.csproj", "{0A644803-C880-4334-A430-4F7D0530495E}"
EndProject
Global
	GlobalSection(SolutionConfigurationPlatforms) = preSolution
		Debug|Any CPU = Debug|Any CPU
		Release|Any CPU = Release|Any CPU
	EndGlobalSection
	GlobalSection(ProjectConfigurationPlatforms) = postSolution
		{0A644803-C880-4334-A430-4F7D0530495E}.Debug|Any CPU.ActiveCfg = Debug|Any CPU
		{0A644803-C880-4334-A430-4F7D0530495E}.Debug|Any CPU.Build.0 = Debug|Any CPU
		{0A644803-C880-4334-A430-4F7D0530495E}.Release|Any CPU.ActiveCfg = Release|Any CPU
		{0A644803-C880-4334-A430-4F7D0530495E}.Release|Any CPU.Build.0 = Release|Any CPU
	EndGlobalSection
	GlobalSection(SolutionProperties) = preSolution
		HideSolutionNode = FALSE
	EndGlobalSection
	GlobalSection(ExtensibilityGlobals) = postSolution
		SolutionGuid = {4271A0EE-75A7-4D60-87C9-34CA8CE755C0}
	EndGlobalSection
EndGlobal
