
Microsoft Visual Studio Solution File, Format Version 12.00
# Visual Studio Version 16
VisualStudioVersion = 16.0.30413.136
MinimumVisualStudioVersion = 10.0.40219.1
Project("{FAE04EC0-301F-11D3-BF4B-00C04F79EFBC}") = "Ex22", "Ex22\Ex22.csproj", "{6323DE31-5842-488B-9046-7A4B4FF7FF1E}"
EndProject
Global
	GlobalSection(SolutionConfigurationPlatforms) = preSolution
		Debug|Any CPU = Debug|Any CPU
		Release|Any CPU = Release|Any CPU
	EndGlobalSection
	GlobalSection(ProjectConfigurationPlatforms) = postSolution
		{6323DE31-5842-488B-9046-7A4B4FF7FF1E}.Debug|Any CPU.ActiveCfg = Debug|Any CPU
		{6323DE31-5842-488B-9046-7A4B4FF7FF1E}.Debug|Any CPU.Build.0 = Debug|Any CPU
		{6323DE31-5842-488B-9046-7A4B4FF7FF1E}.Release|Any CPU.ActiveCfg = Release|Any CPU
		{6323DE31-5842-488B-9046-7A4B4FF7FF1E}.Release|Any CPU.Build.0 = Release|Any CPU
	EndGlobalSection
	GlobalSection(SolutionProperties) = preSolution
		HideSolutionNode = FALSE
	EndGlobalSection
	GlobalSection(ExtensibilityGlobals) = postSolution
		SolutionGuid = {4591A369-06ED-4326-A752-CC038EC893BF}
	EndGlobalSection
EndGlobal
